
Microsoft Visual Studio Solution File, Format Version 12.00
# Visual Studio 15
VisualStudioVersion = 15.0.28307.136
MinimumVisualStudioVersion = 10.0.40219.1
Project("{FAE04EC0-301F-11D3-BF4B-00C04F79EFBC}") = "ImageMacro", "ImageMacro.csproj", "{92BA50F7-9A50-4EF4-BDFC-AF4BEEAEF07A}"
EndProject
Global
	GlobalSection(SolutionConfigurationPlatforms) = preSolution
		Debug|Any CPU = Debug|Any CPU
		Release|Any CPU = Release|Any CPU
	EndGlobalSection
	GlobalSection(ProjectConfigurationPlatforms) = postSolution
		{92BA50F7-9A50-4EF4-BDFC-AF4BEEAEF07A}.Debug|Any CPU.ActiveCfg = Debug|Any CPU
		{92BA50F7-9A50-4EF4-BDFC-AF4BEEAEF07A}.Debug|Any CPU.Build.0 = Debug|Any CPU
		{92BA50F7-9A50-4EF4-BDFC-AF4BEEAEF07A}.Release|Any CPU.ActiveCfg = Release|Any CPU
		{92BA50F7-9A50-4EF4-BDFC-AF4BEEAEF07A}.Release|Any CPU.Build.0 = Release|Any CPU
	EndGlobalSection
	GlobalSection(SolutionProperties) = preSolution
		HideSolutionNode = FALSE
	EndGlobalSection
	GlobalSection(ExtensibilityGlobals) = postSolution
		SolutionGuid = {DB741117-9647-4A9C-A82C-A6EABD0776D6}
	EndGlobalSection
EndGlobal
